// !$*UTF8*$!
{
	archiveVersion = 1;
	classes = {
	};
	objectVersion = 56;
	objects = {

/* Begin PBXBuildFile section */
		919AAFCF2AA0CBA20052F0A6 /* StoriesApp.swift in Sources */ = {isa = PBXBuildFile; fileRef = 919AAFCE2AA0CBA20052F0A6 /* StoriesApp.swift */; };
		919AAFD12AA0CBA20052F0A6 /* ContentView.swift in Sources */ = {isa = PBXBuildFile; fileRef = 919AAFD02AA0CBA20052F0A6 /* ContentView.swift */; };
		919AAFD32AA0CBA30052F0A6 /* Assets.xcassets in Resources */ = {isa = PBXBuildFile; fileRef = 919AAFD22AA0CBA30052F0A6 /* Assets.xcassets */; };
		919AAFD62AA0CBA30052F0A6 /* Preview Assets.xcassets in Resources */ = {isa = PBXBuildFile; fileRef = 919AAFD52AA0CBA30052F0A6 /* Preview Assets.xcassets */; };
		919AAFE02AA0CBA30052F0A6 /* StoriesTests.swift in Sources */ = {isa = PBXBuildFile; fileRef = 919AAFDF2AA0CBA30052F0A6 /* StoriesTests.swift */; };
		919AAFEA2AA0CBA40052F0A6 /* StoriesUITests.swift in Sources */ = {isa = PBXBuildFile; fileRef = 919AAFE92AA0CBA40052F0A6 /* StoriesUITests.swift */; };
		919AAFEC2AA0CBA40052F0A6 /* StoriesUITestsLaunchTests.swift in Sources */ = {isa = PBXBuildFile; fileRef = 919AAFEB2AA0CBA40052F0A6 /* StoriesUITestsLaunchTests.swift */; };
		919AAFFA2AA20F5E0052F0A6 /* books.json in Resources */ = {isa = PBXBuildFile; fileRef = 919AAFF92AA20F5E0052F0A6 /* books.json */; };
		919AAFFD2AA213BB0052F0A6 /* Book.swift in Sources */ = {isa = PBXBuildFile; fileRef = 919AAFFC2AA213BB0052F0A6 /* Book.swift */; };
		919AB0002AA222C90052F0A6 /* DataParser.swift in Sources */ = {isa = PBXBuildFile; fileRef = 919AAFFF2AA222C90052F0A6 /* DataParser.swift */; };
		919AB0022AA2234B0052F0A6 /* DataParserTests.swift in Sources */ = {isa = PBXBuildFile; fileRef = 919AB0012AA2234B0052F0A6 /* DataParserTests.swift */; };
/* End PBXBuildFile section */

/* Begin PBXContainerItemProxy section */
		919AAFDC2AA0CBA30052F0A6 /* PBXContainerItemProxy */ = {
			isa = PBXContainerItemProxy;
			containerPortal = 919AAFC32AA0CBA20052F0A6 /* Project object */;
			proxyType = 1;
			remoteGlobalIDString = 919AAFCA2AA0CBA20052F0A6;
			remoteInfo = Stories;
		};
		919AAFE62AA0CBA40052F0A6 /* PBXContainerItemProxy */ = {
			isa = PBXContainerItemProxy;
			containerPortal = 919AAFC32AA0CBA20052F0A6 /* Project object */;
			proxyType = 1;
			remoteGlobalIDString = 919AAFCA2AA0CBA20052F0A6;
			remoteInfo = Stories;
		};
/* End PBXContainerItemProxy section */

/* Begin PBXFileReference section */
		919AAFCB2AA0CBA20052F0A6 /* Stories.app */ = {isa = PBXFileReference; explicitFileType = wrapper.application; includeInIndex = 0; path = Stories.app; sourceTree = BUILT_PRODUCTS_DIR; };
		919AAFCE2AA0CBA20052F0A6 /* StoriesApp.swift */ = {isa = PBXFileReference; lastKnownFileType = sourcecode.swift; path = StoriesApp.swift; sourceTree = "<group>"; };
		919AAFD02AA0CBA20052F0A6 /* ContentView.swift */ = {isa = PBXFileReference; lastKnownFileType = sourcecode.swift; path = ContentView.swift; sourceTree = "<group>"; };
		919AAFD22AA0CBA30052F0A6 /* Assets.xcassets */ = {isa = PBXFileReference; lastKnownFileType = folder.assetcatalog; path = Assets.xcassets; sourceTree = "<group>"; };
		919AAFD52AA0CBA30052F0A6 /* Preview Assets.xcassets */ = {isa = PBXFileReference; lastKnownFileType = folder.assetcatalog; path = "Preview Assets.xcassets"; sourceTree = "<group>"; };
		919AAFDB2AA0CBA30052F0A6 /* StoriesTests.xctest */ = {isa = PBXFileReference; explicitFileType = wrapper.cfbundle; includeInIndex = 0; path = StoriesTests.xctest; sourceTree = BUILT_PRODUCTS_DIR; };
		919AAFDF2AA0CBA30052F0A6 /* StoriesTests.swift */ = {isa = PBXFileReference; lastKnownFileType = sourcecode.swift; path = StoriesTests.swift; sourceTree = "<group>"; };
		919AAFE52AA0CBA40052F0A6 /* StoriesUITests.xctest */ = {isa = PBXFileReference; explicitFileType = wrapper.cfbundle; includeInIndex = 0; path = StoriesUITests.xctest; sourceTree = BUILT_PRODUCTS_DIR; };
		919AAFE92AA0CBA40052F0A6 /* StoriesUITests.swift */ = {isa = PBXFileReference; lastKnownFileType = sourcecode.swift; path = StoriesUITests.swift; sourceTree = "<group>"; };
		919AAFEB2AA0CBA40052F0A6 /* StoriesUITestsLaunchTests.swift */ = {isa = PBXFileReference; lastKnownFileType = sourcecode.swift; path = StoriesUITestsLaunchTests.swift; sourceTree = "<group>"; };
		919AAFF92AA20F5E0052F0A6 /* books.json */ = {isa = PBXFileReference; fileEncoding = 4; lastKnownFileType = text.json; path = books.json; sourceTree = "<group>"; };
		919AAFFC2AA213BB0052F0A6 /* Book.swift */ = {isa = PBXFileReference; lastKnownFileType = sourcecode.swift; path = Book.swift; sourceTree = "<group>"; };
		919AAFFF2AA222C90052F0A6 /* DataParser.swift */ = {isa = PBXFileReference; lastKnownFileType = sourcecode.swift; path = DataParser.swift; sourceTree = "<group>"; };
		919AB0012AA2234B0052F0A6 /* DataParserTests.swift */ = {isa = PBXFileReference; lastKnownFileType = sourcecode.swift; path = DataParserTests.swift; sourceTree = "<group>"; };
/* End PBXFileReference section */

/* Begin PBXFrameworksBuildPhase section */
		919AAFC82AA0CBA20052F0A6 /* Frameworks */ = {
			isa = PBXFrameworksBuildPhase;
			buildActionMask = 2147483647;
			files = (
			);
			runOnlyForDeploymentPostprocessing = 0;
		};
		919AAFD82AA0CBA30052F0A6 /* Frameworks */ = {
			isa = PBXFrameworksBuildPhase;
			buildActionMask = 2147483647;
			files = (
			);
			runOnlyForDeploymentPostprocessing = 0;
		};
		919AAFE22AA0CBA40052F0A6 /* Frameworks */ = {
			isa = PBXFrameworksBuildPhase;
			buildActionMask = 2147483647;
			files = (
			);
			runOnlyForDeploymentPostprocessing = 0;
		};
/* End PBXFrameworksBuildPhase section */

/* Begin PBXGroup section */
		919AAFC22AA0CBA20052F0A6 = {
			isa = PBXGroup;
			children = (
				919AAFCD2AA0CBA20052F0A6 /* Stories */,
				919AAFDE2AA0CBA30052F0A6 /* StoriesTests */,
				919AAFE82AA0CBA40052F0A6 /* StoriesUITests */,
				919AAFCC2AA0CBA20052F0A6 /* Products */,
			);
			sourceTree = "<group>";
		};
		919AAFCC2AA0CBA20052F0A6 /* Products */ = {
			isa = PBXGroup;
			children = (
				919AAFCB2AA0CBA20052F0A6 /* Stories.app */,
				919AAFDB2AA0CBA30052F0A6 /* StoriesTests.xctest */,
				919AAFE52AA0CBA40052F0A6 /* StoriesUITests.xctest */,
			);
			name = Products;
			sourceTree = "<group>";
		};
		919AAFCD2AA0CBA20052F0A6 /* Stories */ = {
			isa = PBXGroup;
			children = (
				919AAFFE2AA222A80052F0A6 /* Util */,
				919AAFFB2AA213AD0052F0A6 /* Model */,
				919AAFCE2AA0CBA20052F0A6 /* StoriesApp.swift */,
				919AAFD02AA0CBA20052F0A6 /* ContentView.swift */,
				919AAFD22AA0CBA30052F0A6 /* Assets.xcassets */,
				919AAFD42AA0CBA30052F0A6 /* Preview Content */,
				919AAFF82AA20F450052F0A6 /* Resources */,
			);
			path = Stories;
			sourceTree = "<group>";
		};
		919AAFD42AA0CBA30052F0A6 /* Preview Content */ = {
			isa = PBXGroup;
			children = (
				919AAFD52AA0CBA30052F0A6 /* Preview Assets.xcassets */,
			);
			path = "Preview Content";
			sourceTree = "<group>";
		};
		919AAFDE2AA0CBA30052F0A6 /* StoriesTests */ = {
			isa = PBXGroup;
			children = (
				919AAFDF2AA0CBA30052F0A6 /* StoriesTests.swift */,
				919AB0012AA2234B0052F0A6 /* DataParserTests.swift */,
			);
			path = StoriesTests;
			sourceTree = "<group>";
		};
		919AAFE82AA0CBA40052F0A6 /* StoriesUITests */ = {
			isa = PBXGroup;
			children = (
				919AAFE92AA0CBA40052F0A6 /* StoriesUITests.swift */,
				919AAFEB2AA0CBA40052F0A6 /* StoriesUITestsLaunchTests.swift */,
			);
			path = StoriesUITests;
			sourceTree = "<group>";
		};
		919AAFF82AA20F450052F0A6 /* Resources */ = {
			isa = PBXGroup;
			children = (
				919AAFF92AA20F5E0052F0A6 /* books.json */,
			);
			path = Resources;
			sourceTree = "<group>";
		};
		919AAFFB2AA213AD0052F0A6 /* Model */ = {
			isa = PBXGroup;
			children = (
				919AAFFC2AA213BB0052F0A6 /* Book.swift */,
			);
			path = Model;
			sourceTree = "<group>";
		};
		919AAFFE2AA222A80052F0A6 /* Util */ = {
			isa = PBXGroup;
			children = (
				919AAFFF2AA222C90052F0A6 /* DataParser.swift */,
			);
			path = Util;
			sourceTree = "<group>";
		};
/* End PBXGroup section */

/* Begin PBXNativeTarget section */
		919AAFCA2AA0CBA20052F0A6 /* Stories */ = {
			isa = PBXNativeTarget;
			buildConfigurationList = 919AAFEF2AA0CBA40052F0A6 /* Build configuration list for PBXNativeTarget "Stories" */;
			buildPhases = (
				919AAFC72AA0CBA20052F0A6 /* Sources */,
				919AAFC82AA0CBA20052F0A6 /* Frameworks */,
				919AAFC92AA0CBA20052F0A6 /* Resources */,
			);
			buildRules = (
			);
			dependencies = (
			);
			name = Stories;
			productName = Stories;
			productReference = 919AAFCB2AA0CBA20052F0A6 /* Stories.app */;
			productType = "com.apple.product-type.application";
		};
		919AAFDA2AA0CBA30052F0A6 /* StoriesTests */ = {
			isa = PBXNativeTarget;
			buildConfigurationList = 919AAFF22AA0CBA40052F0A6 /* Build configuration list for PBXNativeTarget "StoriesTests" */;
			buildPhases = (
				919AAFD72AA0CBA30052F0A6 /* Sources */,
				919AAFD82AA0CBA30052F0A6 /* Frameworks */,
				919AAFD92AA0CBA30052F0A6 /* Resources */,
			);
			buildRules = (
			);
			dependencies = (
				919AAFDD2AA0CBA30052F0A6 /* PBXTargetDependency */,
			);
			name = StoriesTests;
			productName = StoriesTests;
			productReference = 919AAFDB2AA0CBA30052F0A6 /* StoriesTests.xctest */;
			productType = "com.apple.product-type.bundle.unit-test";
		};
		919AAFE42AA0CBA40052F0A6 /* StoriesUITests */ = {
			isa = PBXNativeTarget;
			buildConfigurationList = 919AAFF52AA0CBA40052F0A6 /* Build configuration list for PBXNativeTarget "StoriesUITests" */;
			buildPhases = (
				919AAFE12AA0CBA40052F0A6 /* Sources */,
				919AAFE22AA0CBA40052F0A6 /* Frameworks */,
				919AAFE32AA0CBA40052F0A6 /* Resources */,
			);
			buildRules = (
			);
			dependencies = (
				919AAFE72AA0CBA40052F0A6 /* PBXTargetDependency */,
			);
			name = StoriesUITests;
			productName = StoriesUITests;
			productReference = 919AAFE52AA0CBA40052F0A6 /* StoriesUITests.xctest */;
			productType = "com.apple.product-type.bundle.ui-testing";
		};
/* End PBXNativeTarget section */

/* Begin PBXProject section */
		919AAFC32AA0CBA20052F0A6 /* Project object */ = {
			isa = PBXProject;
			attributes = {
				BuildIndependentTargetsInParallel = 1;
				LastSwiftUpdateCheck = 1430;
				LastUpgradeCheck = 1430;
				TargetAttributes = {
					919AAFCA2AA0CBA20052F0A6 = {
						CreatedOnToolsVersion = 14.3;
					};
					919AAFDA2AA0CBA30052F0A6 = {
						CreatedOnToolsVersion = 14.3;
						TestTargetID = 919AAFCA2AA0CBA20052F0A6;
					};
					919AAFE42AA0CBA40052F0A6 = {
						CreatedOnToolsVersion = 14.3;
						TestTargetID = 919AAFCA2AA0CBA20052F0A6;
					};
				};
			};
			buildConfigurationList = 919AAFC62AA0CBA20052F0A6 /* Build configuration list for PBXProject "Stories" */;
			compatibilityVersion = "Xcode 14.0";
			developmentRegion = en;
			hasScannedForEncodings = 0;
			knownRegions = (
				en,
				Base,
			);
			mainGroup = 919AAFC22AA0CBA20052F0A6;
			productRefGroup = 919AAFCC2AA0CBA20052F0A6 /* Products */;
			projectDirPath = "";
			projectRoot = "";
			targets = (
				919AAFCA2AA0CBA20052F0A6 /* Stories */,
				919AAFDA2AA0CBA30052F0A6 /* StoriesTests */,
				919AAFE42AA0CBA40052F0A6 /* StoriesUITests */,
			);
		};
/* End PBXProject section */

/* Begin PBXResourcesBuildPhase section */
		919AAFC92AA0CBA20052F0A6 /* Resources */ = {
			isa = PBXResourcesBuildPhase;
			buildActionMask = 2147483647;
			files = (
				919AAFFA2AA20F5E0052F0A6 /* books.json in Resources */,
				919AAFD62AA0CBA30052F0A6 /* Preview Assets.xcassets in Resources */,
				919AAFD32AA0CBA30052F0A6 /* Assets.xcassets in Resources */,
			);
			runOnlyForDeploymentPostprocessing = 0;
		};
		919AAFD92AA0CBA30052F0A6 /* Resources */ = {
			isa = PBXResourcesBuildPhase;
			buildActionMask = 2147483647;
			files = (
			);
			runOnlyForDeploymentPostprocessing = 0;
		};
		919AAFE32AA0CBA40052F0A6 /* Resources */ = {
			isa = PBXResourcesBuildPhase;
			buildActionMask = 2147483647;
			files = (
			);
			runOnlyForDeploymentPostprocessing = 0;
		};
/* End PBXResourcesBuildPhase section */

/* Begin PBXSourcesBuildPhase section */
		919AAFC72AA0CBA20052F0A6 /* Sources */ = {
			isa = PBXSourcesBuildPhase;
			buildActionMask = 2147483647;
			files = (
				919AAFD12AA0CBA20052F0A6 /* ContentView.swift in Sources */,
				919AAFCF2AA0CBA20052F0A6 /* StoriesApp.swift in Sources */,
				919AB0002AA222C90052F0A6 /* DataParser.swift in Sources */,
				919AAFFD2AA213BB0052F0A6 /* Book.swift in Sources */,
			);
			runOnlyForDeploymentPostprocessing = 0;
		};
		919AAFD72AA0CBA30052F0A6 /* Sources */ = {
			isa = PBXSourcesBuildPhase;
			buildActionMask = 2147483647;
			files = (
				919AB0022AA2234B0052F0A6 /* DataParserTests.swift in Sources */,
				919AAFE02AA0CBA30052F0A6 /* StoriesTests.swift in Sources */,
			);
			runOnlyForDeploymentPostprocessing = 0;
		};
		919AAFE12AA0CBA40052F0A6 /* Sources */ = {
			isa = PBXSourcesBuildPhase;
			buildActionMask = 2147483647;
			files = (
				919AAFEC2AA0CBA40052F0A6 /* StoriesUITestsLaunchTests.swift in Sources */,
				919AAFEA2AA0CBA40052F0A6 /* StoriesUITests.swift in Sources */,
			);
			runOnlyForDeploymentPostprocessing = 0;
		};
/* End PBXSourcesBuildPhase section */

/* Begin PBXTargetDependency section */
		919AAFDD2AA0CBA30052F0A6 /* PBXTargetDependency */ = {
			isa = PBXTargetDependency;
			target = 919AAFCA2AA0CBA20052F0A6 /* Stories */;
			targetProxy = 919AAFDC2AA0CBA30052F0A6 /* PBXContainerItemProxy */;
		};
		919AAFE72AA0CBA40052F0A6 /* PBXTargetDependency */ = {
			isa = PBXTargetDependency;
			target = 919AAFCA2AA0CBA20052F0A6 /* Stories */;
			targetProxy = 919AAFE62AA0CBA40052F0A6 /* PBXContainerItemProxy */;
		};
/* End PBXTargetDependency section */

/* Begin XCBuildConfiguration section */
		919AAFED2AA0CBA40052F0A6 /* Debug */ = {
			isa = XCBuildConfiguration;
			buildSettings = {
				ALWAYS_SEARCH_USER_PATHS = NO;
				CLANG_ANALYZER_NONNULL = YES;
				CLANG_ANALYZER_NUMBER_OBJECT_CONVERSION = YES_AGGRESSIVE;
				CLANG_CXX_LANGUAGE_STANDARD = "gnu++20";
				CLANG_ENABLE_MODULES = YES;
				CLANG_ENABLE_OBJC_ARC = YES;
				CLANG_ENABLE_OBJC_WEAK = YES;
				CLANG_WARN_BLOCK_CAPTURE_AUTORELEASING = YES;
				CLANG_WARN_BOOL_CONVERSION = YES;
				CLANG_WARN_COMMA = YES;
				CLANG_WARN_CONSTANT_CONVERSION = YES;
				CLANG_WARN_DEPRECATED_OBJC_IMPLEMENTATIONS = YES;
				CLANG_WARN_DIRECT_OBJC_ISA_USAGE = YES_ERROR;
				CLANG_WARN_DOCUMENTATION_COMMENTS = YES;
				CLANG_WARN_EMPTY_BODY = YES;
				CLANG_WARN_ENUM_CONVERSION = YES;
				CLANG_WARN_INFINITE_RECURSION = YES;
				CLANG_WARN_INT_CONVERSION = YES;
				CLANG_WARN_NON_LITERAL_NULL_CONVERSION = YES;
				CLANG_WARN_OBJC_IMPLICIT_RETAIN_SELF = YES;
				CLANG_WARN_OBJC_LITERAL_CONVERSION = YES;
				CLANG_WARN_OBJC_ROOT_CLASS = YES_ERROR;
				CLANG_WARN_QUOTED_INCLUDE_IN_FRAMEWORK_HEADER = YES;
				CLANG_WARN_RANGE_LOOP_ANALYSIS = YES;
				CLANG_WARN_STRICT_PROTOTYPES = YES;
				CLANG_WARN_SUSPICIOUS_MOVE = YES;
				CLANG_WARN_UNGUARDED_AVAILABILITY = YES_AGGRESSIVE;
				CLANG_WARN_UNREACHABLE_CODE = YES;
				CLANG_WARN__DUPLICATE_METHOD_MATCH = YES;
				COPY_PHASE_STRIP = NO;
				DEBUG_INFORMATION_FORMAT = dwarf;
				ENABLE_STRICT_OBJC_MSGSEND = YES;
				ENABLE_TESTABILITY = YES;
				GCC_C_LANGUAGE_STANDARD = gnu11;
				GCC_DYNAMIC_NO_PIC = NO;
				GCC_NO_COMMON_BLOCKS = YES;
				GCC_OPTIMIZATION_LEVEL = 0;
				GCC_PREPROCESSOR_DEFINITIONS = (
					"DEBUG=1",
					"$(inherited)",
				);
				GCC_WARN_64_TO_32_BIT_CONVERSION = YES;
				GCC_WARN_ABOUT_RETURN_TYPE = YES_ERROR;
				GCC_WARN_UNDECLARED_SELECTOR = YES;
				GCC_WARN_UNINITIALIZED_AUTOS = YES_AGGRESSIVE;
				GCC_WARN_UNUSED_FUNCTION = YES;
				GCC_WARN_UNUSED_VARIABLE = YES;
				IPHONEOS_DEPLOYMENT_TARGET = 16.4;
				MTL_ENABLE_DEBUG_INFO = INCLUDE_SOURCE;
				MTL_FAST_MATH = YES;
				ONLY_ACTIVE_ARCH = YES;
				SDKROOT = iphoneos;
				SWIFT_ACTIVE_COMPILATION_CONDITIONS = DEBUG;
				SWIFT_OPTIMIZATION_LEVEL = "-Onone";
			};
			name = Debug;
		};
		919AAFEE2AA0CBA40052F0A6 /* Release */ = {
			isa = XCBuildConfiguration;
			buildSettings = {
				ALWAYS_SEARCH_USER_PATHS = NO;
				CLANG_ANALYZER_NONNULL = YES;
				CLANG_ANALYZER_NUMBER_OBJECT_CONVERSION = YES_AGGRESSIVE;
				CLANG_CXX_LANGUAGE_STANDARD = "gnu++20";
				CLANG_ENABLE_MODULES = YES;
				CLANG_ENABLE_OBJC_ARC = YES;
				CLANG_ENABLE_OBJC_WEAK = YES;
				CLANG_WARN_BLOCK_CAPTURE_AUTORELEASING = YES;
				CLANG_WARN_BOOL_CONVERSION = YES;
				CLANG_WARN_COMMA = YES;
				CLANG_WARN_CONSTANT_CONVERSION = YES;
				CLANG_WARN_DEPRECATED_OBJC_IMPLEMENTATIONS = YES;
				CLANG_WARN_DIRECT_OBJC_ISA_USAGE = YES_ERROR;
				CLANG_WARN_DOCUMENTATION_COMMENTS = YES;
				CLANG_WARN_EMPTY_BODY = YES;
				CLANG_WARN_ENUM_CONVERSION = YES;
				CLANG_WARN_INFINITE_RECURSION = YES;
				CLANG_WARN_INT_CONVERSION = YES;
				CLANG_WARN_NON_LITERAL_NULL_CONVERSION = YES;
				CLANG_WARN_OBJC_IMPLICIT_RETAIN_SELF = YES;
				CLANG_WARN_OBJC_LITERAL_CONVERSION = YES;
				CLANG_WARN_OBJC_ROOT_CLASS = YES_ERROR;
				CLANG_WARN_QUOTED_INCLUDE_IN_FRAMEWORK_HEADER = YES;
				CLANG_WARN_RANGE_LOOP_ANALYSIS = YES;
				CLANG_WARN_STRICT_PROTOTYPES = YES;
				CLANG_WARN_SUSPICIOUS_MOVE = YES;
				CLANG_WARN_UNGUARDED_AVAILABILITY = YES_AGGRESSIVE;
				CLANG_WARN_UNREACHABLE_CODE = YES;
				CLANG_WARN__DUPLICATE_METHOD_MATCH = YES;
				COPY_PHASE_STRIP = NO;
				DEBUG_INFORMATION_FORMAT = "dwarf-with-dsym";
				ENABLE_NS_ASSERTIONS = NO;
				ENABLE_STRICT_OBJC_MSGSEND = YES;
				GCC_C_LANGUAGE_STANDARD = gnu11;
				GCC_NO_COMMON_BLOCKS = YES;
				GCC_WARN_64_TO_32_BIT_CONVERSION = YES;
				GCC_WARN_ABOUT_RETURN_TYPE = YES_ERROR;
				GCC_WARN_UNDECLARED_SELECTOR = YES;
				GCC_WARN_UNINITIALIZED_AUTOS = YES_AGGRESSIVE;
				GCC_WARN_UNUSED_FUNCTION = YES;
				GCC_WARN_UNUSED_VARIABLE = YES;
				IPHONEOS_DEPLOYMENT_TARGET = 16.4;
				MTL_ENABLE_DEBUG_INFO = NO;
				MTL_FAST_MATH = YES;
				SDKROOT = iphoneos;
				SWIFT_COMPILATION_MODE = wholemodule;
				SWIFT_OPTIMIZATION_LEVEL = "-O";
				VALIDATE_PRODUCT = YES;
			};
			name = Release;
		};
		919AAFF02AA0CBA40052F0A6 /* Debug */ = {
			isa = XCBuildConfiguration;
			buildSettings = {
				ASSETCATALOG_COMPILER_APPICON_NAME = AppIcon;
				ASSETCATALOG_COMPILER_GLOBAL_ACCENT_COLOR_NAME = AccentColor;
				CODE_SIGN_STYLE = Automatic;
				CURRENT_PROJECT_VERSION = 1;
				DEVELOPMENT_ASSET_PATHS = "\"Stories/Preview Content\"";
				DEVELOPMENT_TEAM = SH63W6PH4B;
				ENABLE_PREVIEWS = YES;
				GENERATE_INFOPLIST_FILE = YES;
				INFOPLIST_KEY_UIApplicationSceneManifest_Generation = YES;
				INFOPLIST_KEY_UIApplicationSupportsIndirectInputEvents = YES;
				INFOPLIST_KEY_UILaunchScreen_Generation = YES;
				INFOPLIST_KEY_UISupportedInterfaceOrientations_iPad = "UIInterfaceOrientationPortrait UIInterfaceOrientationPortraitUpsideDown UIInterfaceOrientationLandscapeLeft UIInterfaceOrientationLandscapeRight";
				INFOPLIST_KEY_UISupportedInterfaceOrientations_iPhone = "UIInterfaceOrientationPortrait UIInterfaceOrientationLandscapeLeft UIInterfaceOrientationLandscapeRight";
				LD_RUNPATH_SEARCH_PATHS = (
					"$(inherited)",
					"@executable_path/Frameworks",
				);
				MARKETING_VERSION = 1.0;
				PRODUCT_BUNDLE_IDENTIFIER = com.pinpin.Stories;
				PRODUCT_NAME = "$(TARGET_NAME)";
				SWIFT_EMIT_LOC_STRINGS = YES;
				SWIFT_VERSION = 5.0;
				TARGETED_DEVICE_FAMILY = "1,2";
			};
			name = Debug;
		};
		919AAFF12AA0CBA40052F0A6 /* Release */ = {
			isa = XCBuildConfiguration;
			buildSettings = {
				ASSETCATALOG_COMPILER_APPICON_NAME = AppIcon;
				ASSETCATALOG_COMPILER_GLOBAL_ACCENT_COLOR_NAME = AccentColor;
				CODE_SIGN_STYLE = Automatic;
				CURRENT_PROJECT_VERSION = 1;
				DEVELOPMENT_ASSET_PATHS = "\"Stories/Preview Content\"";
				DEVELOPMENT_TEAM = SH63W6PH4B;
				ENABLE_PREVIEWS = YES;
				GENERATE_INFOPLIST_FILE = YES;
				INFOPLIST_KEY_UIApplicationSceneManifest_Generation = YES;
				INFOPLIST_KEY_UIApplicationSupportsIndirectInputEvents = YES;
				INFOPLIST_KEY_UILaunchScreen_Generation = YES;
				INFOPLIST_KEY_UISupportedInterfaceOrientations_iPad = "UIInterfaceOrientationPortrait UIInterfaceOrientationPortraitUpsideDown UIInterfaceOrientationLandscapeLeft UIInterfaceOrientationLandscapeRight";
				INFOPLIST_KEY_UISupportedInterfaceOrientations_iPhone = "UIInterfaceOrientationPortrait UIInterfaceOrientationLandscapeLeft UIInterfaceOrientationLandscapeRight";
				LD_RUNPATH_SEARCH_PATHS = (
					"$(inherited)",
					"@executable_path/Frameworks",
				);
				MARKETING_VERSION = 1.0;
				PRODUCT_BUNDLE_IDENTIFIER = com.pinpin.Stories;
				PRODUCT_NAME = "$(TARGET_NAME)";
				SWIFT_EMIT_LOC_STRINGS = YES;
				SWIFT_VERSION = 5.0;
				TARGETED_DEVICE_FAMILY = "1,2";
			};
			name = Release;
		};
		919AAFF32AA0CBA40052F0A6 /* Debug */ = {
			isa = XCBuildConfiguration;
			buildSettings = {
				ALWAYS_EMBED_SWIFT_STANDARD_LIBRARIES = YES;
				BUNDLE_LOADER = "$(TEST_HOST)";
				CODE_SIGN_STYLE = Automatic;
				CURRENT_PROJECT_VERSION = 1;
				DEVELOPMENT_TEAM = SH63W6PH4B;
				GENERATE_INFOPLIST_FILE = YES;
				IPHONEOS_DEPLOYMENT_TARGET = 16.4;
				MARKETING_VERSION = 1.0;
				PRODUCT_BUNDLE_IDENTIFIER = com.pinpin.StoriesTests;
				PRODUCT_NAME = "$(TARGET_NAME)";
				SWIFT_EMIT_LOC_STRINGS = NO;
				SWIFT_VERSION = 5.0;
				TARGETED_DEVICE_FAMILY = "1,2";
				TEST_HOST = "$(BUILT_PRODUCTS_DIR)/Stories.app/$(BUNDLE_EXECUTABLE_FOLDER_PATH)/Stories";
			};
			name = Debug;
		};
		919AAFF42AA0CBA40052F0A6 /* Release */ = {
			isa = XCBuildConfiguration;
			buildSettings = {
				ALWAYS_EMBED_SWIFT_STANDARD_LIBRARIES = YES;
				BUNDLE_LOADER = "$(TEST_HOST)";
				CODE_SIGN_STYLE = Automatic;
				CURRENT_PROJECT_VERSION = 1;
				DEVELOPMENT_TEAM = SH63W6PH4B;
				GENERATE_INFOPLIST_FILE = YES;
				IPHONEOS_DEPLOYMENT_TARGET = 16.4;
				MARKETING_VERSION = 1.0;
				PRODUCT_BUNDLE_IDENTIFIER = com.pinpin.StoriesTests;
				PRODUCT_NAME = "$(TARGET_NAME)";
				SWIFT_EMIT_LOC_STRINGS = NO;
				SWIFT_VERSION = 5.0;
				TARGETED_DEVICE_FAMILY = "1,2";
				TEST_HOST = "$(BUILT_PRODUCTS_DIR)/Stories.app/$(BUNDLE_EXECUTABLE_FOLDER_PATH)/Stories";
			};
			name = Release;
		};
		919AAFF62AA0CBA40052F0A6 /* Debug */ = {
			isa = XCBuildConfiguration;
			buildSettings = {
				ALWAYS_EMBED_SWIFT_STANDARD_LIBRARIES = YES;
				CODE_SIGN_STYLE = Automatic;
				CURRENT_PROJECT_VERSION = 1;
				DEVELOPMENT_TEAM = SH63W6PH4B;
				GENERATE_INFOPLIST_FILE = YES;
				MARKETING_VERSION = 1.0;
				PRODUCT_BUNDLE_IDENTIFIER = com.pinpin.StoriesUITests;
				PRODUCT_NAME = "$(TARGET_NAME)";
				SWIFT_EMIT_LOC_STRINGS = NO;
				SWIFT_VERSION = 5.0;
				TARGETED_DEVICE_FAMILY = "1,2";
				TEST_TARGET_NAME = Stories;
			};
			name = Debug;
		};
		919AAFF72AA0CBA40052F0A6 /* Release */ = {
			isa = XCBuildConfiguration;
			buildSettings = {
				ALWAYS_EMBED_SWIFT_STANDARD_LIBRARIES = YES;
				CODE_SIGN_STYLE = Automatic;
				CURRENT_PROJECT_VERSION = 1;
				DEVELOPMENT_TEAM = SH63W6PH4B;
				GENERATE_INFOPLIST_FILE = YES;
				MARKETING_VERSION = 1.0;
				PRODUCT_BUNDLE_IDENTIFIER = com.pinpin.StoriesUITests;
				PRODUCT_NAME = "$(TARGET_NAME)";
				SWIFT_EMIT_LOC_STRINGS = NO;
				SWIFT_VERSION = 5.0;
				TARGETED_DEVICE_FAMILY = "1,2";
				TEST_TARGET_NAME = Stories;
			};
			name = Release;
		};
/* End XCBuildConfiguration section */

/* Begin XCConfigurationList section */
		919AAFC62AA0CBA20052F0A6 /* Build configuration list for PBXProject "Stories" */ = {
			isa = XCConfigurationList;
			buildConfigurations = (
				919AAFED2AA0CBA40052F0A6 /* Debug */,
				919AAFEE2AA0CBA40052F0A6 /* Release */,
			);
			defaultConfigurationIsVisible = 0;
			defaultConfigurationName = Release;
		};
		919AAFEF2AA0CBA40052F0A6 /* Build configuration list for PBXNativeTarget "Stories" */ = {
			isa = XCConfigurationList;
			buildConfigurations = (
				919AAFF02AA0CBA40052F0A6 /* Debug */,
				919AAFF12AA0CBA40052F0A6 /* Release */,
			);
			defaultConfigurationIsVisible = 0;
			defaultConfigurationName = Release;
		};
		919AAFF22AA0CBA40052F0A6 /* Build configuration list for PBXNativeTarget "StoriesTests" */ = {
			isa = XCConfigurationList;
			buildConfigurations = (
				919AAFF32AA0CBA40052F0A6 /* Debug */,
				919AAFF42AA0CBA40052F0A6 /* Release */,
			);
			defaultConfigurationIsVisible = 0;
			defaultConfigurationName = Release;
		};
		919AAFF52AA0CBA40052F0A6 /* Build configuration list for PBXNativeTarget "StoriesUITests" */ = {
			isa = XCConfigurationList;
			buildConfigurations = (
				919AAFF62AA0CBA40052F0A6 /* Debug */,
				919AAFF72AA0CBA40052F0A6 /* Release */,
			);
			defaultConfigurationIsVisible = 0;
			defaultConfigurationName = Release;
		};
/* End XCConfigurationList section */
	};
	rootObject = 919AAFC32AA0CBA20052F0A6 /* Project object */;
}
